// !$*UTF8*$!
{
	archiveVersion = 1;
	classes = {
	};
	objectVersion = 50;
	objects = {

/* Begin PBXBuildFile section */
		508483C52213A94700329E8C /* Otter.framework in Frameworks */ = {isa = PBXBuildFile; fileRef = 508483BB2213A94700329E8C /* Otter.framework */; };
		508483CA2213A94700329E8C /* OtterTests.swift in Sources */ = {isa = PBXBuildFile; fileRef = 508483C92213A94700329E8C /* OtterTests.swift */; };
		508483CC2213A94700329E8C /* Otter.h in Headers */ = {isa = PBXBuildFile; fileRef = 508483BE2213A94700329E8C /* Otter.h */; settings = {ATTRIBUTES = (Public, ); }; };
		508483D82213AA5900329E8C /* UIImageViewExtensions.swift in Sources */ = {isa = PBXBuildFile; fileRef = 508483D72213AA5900329E8C /* UIImageViewExtensions.swift */; };
		508483DC2213AAE700329E8C /* FBLPromises.framework in Frameworks */ = {isa = PBXBuildFile; fileRef = 508483DA2213AAE700329E8C /* FBLPromises.framework */; };
		508483DD2213AAE700329E8C /* Promises.framework in Frameworks */ = {isa = PBXBuildFile; fileRef = 508483DB2213AAE700329E8C /* Promises.framework */; };
		508483DF2213AC0400329E8C /* Alamofire.framework in Frameworks */ = {isa = PBXBuildFile; fileRef = 508483DE2213AC0400329E8C /* Alamofire.framework */; };
		508483E12213AD3200329E8C /* Configuration.swift in Sources */ = {isa = PBXBuildFile; fileRef = 508483E02213AD3200329E8C /* Configuration.swift */; };
		508483E32213B01600329E8C /* OtterManager.swift in Sources */ = {isa = PBXBuildFile; fileRef = 508483E22213B01600329E8C /* OtterManager.swift */; };
		508483E42213C7DE00329E8C /* Alamofire.framework in Frameworks */ = {isa = PBXBuildFile; fileRef = 508483DE2213AC0400329E8C /* Alamofire.framework */; };
		508483E52213C7DE00329E8C /* FBLPromises.framework in Frameworks */ = {isa = PBXBuildFile; fileRef = 508483DA2213AAE700329E8C /* FBLPromises.framework */; };
		508483E62213C7DE00329E8C /* Promises.framework in Frameworks */ = {isa = PBXBuildFile; fileRef = 508483DB2213AAE700329E8C /* Promises.framework */; };
/* End PBXBuildFile section */

/* Begin PBXContainerItemProxy section */
		508483C62213A94700329E8C /* PBXContainerItemProxy */ = {
			isa = PBXContainerItemProxy;
			containerPortal = 508483B22213A94700329E8C /* Project object */;
			proxyType = 1;
			remoteGlobalIDString = 508483BA2213A94700329E8C;
			remoteInfo = Otter;
		};
/* End PBXContainerItemProxy section */

/* Begin PBXFileReference section */
		508483BB2213A94700329E8C /* Otter.framework */ = {isa = PBXFileReference; explicitFileType = wrapper.framework; includeInIndex = 0; path = Otter.framework; sourceTree = BUILT_PRODUCTS_DIR; };
		508483BE2213A94700329E8C /* Otter.h */ = {isa = PBXFileReference; lastKnownFileType = sourcecode.c.h; path = Otter.h; sourceTree = "<group>"; };
		508483BF2213A94700329E8C /* Info.plist */ = {isa = PBXFileReference; lastKnownFileType = text.plist.xml; path = Info.plist; sourceTree = "<group>"; };
		508483C42213A94700329E8C /* OtterTests.xctest */ = {isa = PBXFileReference; explicitFileType = wrapper.cfbundle; includeInIndex = 0; path = OtterTests.xctest; sourceTree = BUILT_PRODUCTS_DIR; };
		508483C92213A94700329E8C /* OtterTests.swift */ = {isa = PBXFileReference; lastKnownFileType = sourcecode.swift; path = OtterTests.swift; sourceTree = "<group>"; };
		508483CB2213A94700329E8C /* Info.plist */ = {isa = PBXFileReference; lastKnownFileType = text.plist.xml; path = Info.plist; sourceTree = "<group>"; };
		508483D72213AA5900329E8C /* UIImageViewExtensions.swift */ = {isa = PBXFileReference; lastKnownFileType = sourcecode.swift; path = UIImageViewExtensions.swift; sourceTree = "<group>"; };
		508483DA2213AAE700329E8C /* FBLPromises.framework */ = {isa = PBXFileReference; lastKnownFileType = wrapper.framework; name = FBLPromises.framework; path = Carthage/Build/iOS/FBLPromises.framework; sourceTree = "<group>"; };
		508483DB2213AAE700329E8C /* Promises.framework */ = {isa = PBXFileReference; lastKnownFileType = wrapper.framework; name = Promises.framework; path = Carthage/Build/iOS/Promises.framework; sourceTree = "<group>"; };
		508483DE2213AC0400329E8C /* Alamofire.framework */ = {isa = PBXFileReference; lastKnownFileType = wrapper.framework; name = Alamofire.framework; path = Carthage/Build/iOS/Alamofire.framework; sourceTree = "<group>"; };
		508483E02213AD3200329E8C /* Configuration.swift */ = {isa = PBXFileReference; lastKnownFileType = sourcecode.swift; path = Configuration.swift; sourceTree = "<group>"; };
		508483E22213B01600329E8C /* OtterManager.swift */ = {isa = PBXFileReference; lastKnownFileType = sourcecode.swift; path = OtterManager.swift; sourceTree = "<group>"; };
/* End PBXFileReference section */

/* Begin PBXFrameworksBuildPhase section */
		508483B82213A94700329E8C /* Frameworks */ = {
			isa = PBXFrameworksBuildPhase;
			buildActionMask = 2147483647;
			files = (
				508483DF2213AC0400329E8C /* Alamofire.framework in Frameworks */,
				508483DC2213AAE700329E8C /* FBLPromises.framework in Frameworks */,
				508483DD2213AAE700329E8C /* Promises.framework in Frameworks */,
			);
			runOnlyForDeploymentPostprocessing = 0;
		};
		508483C12213A94700329E8C /* Frameworks */ = {
			isa = PBXFrameworksBuildPhase;
			buildActionMask = 2147483647;
			files = (
				508483E42213C7DE00329E8C /* Alamofire.framework in Frameworks */,
				508483E52213C7DE00329E8C /* FBLPromises.framework in Frameworks */,
				508483E62213C7DE00329E8C /* Promises.framework in Frameworks */,
				508483C52213A94700329E8C /* Otter.framework in Frameworks */,
			);
			runOnlyForDeploymentPostprocessing = 0;
		};
/* End PBXFrameworksBuildPhase section */

/* Begin PBXGroup section */
		508483B12213A94700329E8C = {
			isa = PBXGroup;
			children = (
				508483BD2213A94700329E8C /* Otter */,
				508483C82213A94700329E8C /* OtterTests */,
				508483BC2213A94700329E8C /* Products */,
				508483D92213AAE700329E8C /* Frameworks */,
			);
			sourceTree = "<group>";
		};
		508483BC2213A94700329E8C /* Products */ = {
			isa = PBXGroup;
			children = (
				508483BB2213A94700329E8C /* Otter.framework */,
				508483C42213A94700329E8C /* OtterTests.xctest */,
			);
			name = Products;
			sourceTree = "<group>";
		};
		508483BD2213A94700329E8C /* Otter */ = {
			isa = PBXGroup;
			children = (
				508483D62213AA2900329E8C /* Sources */,
				508483BE2213A94700329E8C /* Otter.h */,
				508483BF2213A94700329E8C /* Info.plist */,
			);
			path = Otter;
			sourceTree = "<group>";
		};
		508483C82213A94700329E8C /* OtterTests */ = {
			isa = PBXGroup;
			children = (
				508483C92213A94700329E8C /* OtterTests.swift */,
				508483CB2213A94700329E8C /* Info.plist */,
			);
			path = OtterTests;
			sourceTree = "<group>";
		};
		508483D62213AA2900329E8C /* Sources */ = {
			isa = PBXGroup;
			children = (
				508483D72213AA5900329E8C /* UIImageViewExtensions.swift */,
				508483E02213AD3200329E8C /* Configuration.swift */,
				508483E22213B01600329E8C /* OtterManager.swift */,
			);
			path = Sources;
			sourceTree = "<group>";
		};
		508483D92213AAE700329E8C /* Frameworks */ = {
			isa = PBXGroup;
			children = (
				508483DE2213AC0400329E8C /* Alamofire.framework */,
				508483DA2213AAE700329E8C /* FBLPromises.framework */,
				508483DB2213AAE700329E8C /* Promises.framework */,
			);
			name = Frameworks;
			sourceTree = "<group>";
		};
/* End PBXGroup section */

/* Begin PBXHeadersBuildPhase section */
		508483B62213A94700329E8C /* Headers */ = {
			isa = PBXHeadersBuildPhase;
			buildActionMask = 2147483647;
			files = (
				508483CC2213A94700329E8C /* Otter.h in Headers */,
			);
			runOnlyForDeploymentPostprocessing = 0;
		};
/* End PBXHeadersBuildPhase section */

/* Begin PBXNativeTarget section */
		508483BA2213A94700329E8C /* Otter */ = {
			isa = PBXNativeTarget;
			buildConfigurationList = 508483CF2213A94700329E8C /* Build configuration list for PBXNativeTarget "Otter" */;
			buildPhases = (
				508483B62213A94700329E8C /* Headers */,
				508483B72213A94700329E8C /* Sources */,
				508483B82213A94700329E8C /* Frameworks */,
				508483B92213A94700329E8C /* Resources */,
			);
			buildRules = (
			);
			dependencies = (
			);
			name = Otter;
			productName = Otter;
			productReference = 508483BB2213A94700329E8C /* Otter.framework */;
			productType = "com.apple.product-type.framework";
		};
		508483C32213A94700329E8C /* OtterTests */ = {
			isa = PBXNativeTarget;
			buildConfigurationList = 508483D22213A94700329E8C /* Build configuration list for PBXNativeTarget "OtterTests" */;
			buildPhases = (
				508483C02213A94700329E8C /* Sources */,
				508483C12213A94700329E8C /* Frameworks */,
				508483E72213C89400329E8C /* Carthage Copy Frameworks */,
				508483C22213A94700329E8C /* Resources */,
			);
			buildRules = (
			);
			dependencies = (
				508483C72213A94700329E8C /* PBXTargetDependency */,
			);
			name = OtterTests;
			productName = OtterTests;
			productReference = 508483C42213A94700329E8C /* OtterTests.xctest */;
			productType = "com.apple.product-type.bundle.unit-test";
		};
/* End PBXNativeTarget section */

/* Begin PBXProject section */
		508483B22213A94700329E8C /* Project object */ = {
			isa = PBXProject;
			attributes = {
				LastSwiftUpdateCheck = 1010;
				LastUpgradeCheck = 1010;
				ORGANIZATIONNAME = "Sadaie Matsudaira";
				TargetAttributes = {
					508483BA2213A94700329E8C = {
						CreatedOnToolsVersion = 10.1;
						LastSwiftMigration = 1010;
					};
					508483C32213A94700329E8C = {
						CreatedOnToolsVersion = 10.1;
					};
				};
			};
			buildConfigurationList = 508483B52213A94700329E8C /* Build configuration list for PBXProject "Otter" */;
			compatibilityVersion = "Xcode 9.3";
			developmentRegion = en;
			hasScannedForEncodings = 0;
			knownRegions = (
				en,
			);
			mainGroup = 508483B12213A94700329E8C;
			productRefGroup = 508483BC2213A94700329E8C /* Products */;
			projectDirPath = "";
			projectRoot = "";
			targets = (
				508483BA2213A94700329E8C /* Otter */,
				508483C32213A94700329E8C /* OtterTests */,
			);
		};
/* End PBXProject section */

/* Begin PBXResourcesBuildPhase section */
		508483B92213A94700329E8C /* Resources */ = {
			isa = PBXResourcesBuildPhase;
			buildActionMask = 2147483647;
			files = (
			);
			runOnlyForDeploymentPostprocessing = 0;
		};
		508483C22213A94700329E8C /* Resources */ = {
			isa = PBXResourcesBuildPhase;
			buildActionMask = 2147483647;
			files = (
			);
			runOnlyForDeploymentPostprocessing = 0;
		};
/* End PBXResourcesBuildPhase section */

/* Begin PBXShellScriptBuildPhase section */
		508483E72213C89400329E8C /* Carthage Copy Frameworks */ = {
			isa = PBXShellScriptBuildPhase;
			buildActionMask = 2147483647;
			files = (
			);
			inputFileListPaths = (
			);
			inputPaths = (
				"$(SRCROOT)/Carthage/Build/iOS/Alamofire.framework",
				"$(SRCROOT)/Carthage/Build/iOS/Promises.framework",
				"$(SRCROOT)/Carthage/Build/iOS/FBLPromises.framework",
			);
			name = "Carthage Copy Frameworks";
			outputFileListPaths = (
			);
			outputPaths = (
				"$(BUILT_PRODUCTS_DIR)/$(FRAMEWORKS_FOLDER_PATH)/Alamofire.framework",
				"$(BUILT_PRODUCTS_DIR)/$(FRAMEWORKS_FOLDER_PATH)/Promises.framework",
				"$(BUILT_PRODUCTS_DIR)/$(FRAMEWORKS_FOLDER_PATH)/FBLPromises.framework",
			);
			runOnlyForDeploymentPostprocessing = 0;
			shellPath = /bin/sh;
			shellScript = "/usr/local/bin/carthage copy-frameworks\n";
		};
/* End PBXShellScriptBuildPhase section */

/* Begin PBXSourcesBuildPhase section */
		508483B72213A94700329E8C /* Sources */ = {
			isa = PBXSourcesBuildPhase;
			buildActionMask = 2147483647;
			files = (
				508483E12213AD3200329E8C /* Configuration.swift in Sources */,
				508483E32213B01600329E8C /* OtterManager.swift in Sources */,
				508483D82213AA5900329E8C /* UIImageViewExtensions.swift in Sources */,
			);
			runOnlyForDeploymentPostprocessing = 0;
		};
		508483C02213A94700329E8C /* Sources */ = {
			isa = PBXSourcesBuildPhase;
			buildActionMask = 2147483647;
			files = (
				508483CA2213A94700329E8C /* OtterTests.swift in Sources */,
			);
			runOnlyForDeploymentPostprocessing = 0;
		};
/* End PBXSourcesBuildPhase section */

/* Begin PBXTargetDependency section */
		508483C72213A94700329E8C /* PBXTargetDependency */ = {
			isa = PBXTargetDependency;
			target = 508483BA2213A94700329E8C /* Otter */;
			targetProxy = 508483C62213A94700329E8C /* PBXContainerItemProxy */;
		};
/* End PBXTargetDependency section */

/* Begin XCBuildConfiguration section */
		508483CD2213A94700329E8C /* Debug */ = {
			isa = XCBuildConfiguration;
			buildSettings = {
				ALWAYS_SEARCH_USER_PATHS = NO;
				CLANG_ANALYZER_NONNULL = YES;
				CLANG_ANALYZER_NUMBER_OBJECT_CONVERSION = YES_AGGRESSIVE;
				CLANG_CXX_LANGUAGE_STANDARD = "gnu++14";
				CLANG_CXX_LIBRARY = "libc++";
				CLANG_ENABLE_MODULES = YES;
				CLANG_ENABLE_OBJC_ARC = YES;
				CLANG_ENABLE_OBJC_WEAK = YES;
				CLANG_WARN_BLOCK_CAPTURE_AUTORELEASING = YES;
				CLANG_WARN_BOOL_CONVERSION = YES;
				CLANG_WARN_COMMA = YES;
				CLANG_WARN_CONSTANT_CONVERSION = YES;
				CLANG_WARN_DEPRECATED_OBJC_IMPLEMENTATIONS = YES;
				CLANG_WARN_DIRECT_OBJC_ISA_USAGE = YES_ERROR;
				CLANG_WARN_DOCUMENTATION_COMMENTS = YES;
				CLANG_WARN_EMPTY_BODY = YES;
				CLANG_WARN_ENUM_CONVERSION = YES;
				CLANG_WARN_INFINITE_RECURSION = YES;
				CLANG_WARN_INT_CONVERSION = YES;
				CLANG_WARN_NON_LITERAL_NULL_CONVERSION = YES;
				CLANG_WARN_OBJC_IMPLICIT_RETAIN_SELF = YES;
				CLANG_WARN_OBJC_LITERAL_CONVERSION = YES;
				CLANG_WARN_OBJC_ROOT_CLASS = YES_ERROR;
				CLANG_WARN_RANGE_LOOP_ANALYSIS = YES;
				CLANG_WARN_STRICT_PROTOTYPES = YES;
				CLANG_WARN_SUSPICIOUS_MOVE = YES;
				CLANG_WARN_UNGUARDED_AVAILABILITY = YES_AGGRESSIVE;
				CLANG_WARN_UNREACHABLE_CODE = YES;
				CLANG_WARN__DUPLICATE_METHOD_MATCH = YES;
				CODE_SIGN_IDENTITY = "iPhone Developer";
				COPY_PHASE_STRIP = NO;
				CURRENT_PROJECT_VERSION = 1;
				DEBUG_INFORMATION_FORMAT = dwarf;
				ENABLE_STRICT_OBJC_MSGSEND = YES;
				ENABLE_TESTABILITY = YES;
				GCC_C_LANGUAGE_STANDARD = gnu11;
				GCC_DYNAMIC_NO_PIC = NO;
				GCC_NO_COMMON_BLOCKS = YES;
				GCC_OPTIMIZATION_LEVEL = 0;
				GCC_PREPROCESSOR_DEFINITIONS = (
					"DEBUG=1",
					"$(inherited)",
				);
				GCC_WARN_64_TO_32_BIT_CONVERSION = YES;
				GCC_WARN_ABOUT_RETURN_TYPE = YES_ERROR;
				GCC_WARN_UNDECLARED_SELECTOR = YES;
				GCC_WARN_UNINITIALIZED_AUTOS = YES_AGGRESSIVE;
				GCC_WARN_UNUSED_FUNCTION = YES;
				GCC_WARN_UNUSED_VARIABLE = YES;
				IPHONEOS_DEPLOYMENT_TARGET = 10.0;
				MTL_ENABLE_DEBUG_INFO = INCLUDE_SOURCE;
				MTL_FAST_MATH = YES;
				ONLY_ACTIVE_ARCH = YES;
				SDKROOT = iphoneos;
				SWIFT_ACTIVE_COMPILATION_CONDITIONS = DEBUG;
				SWIFT_OPTIMIZATION_LEVEL = "-Onone";
				VERSIONING_SYSTEM = "apple-generic";
				VERSION_INFO_PREFIX = "";
			};
			name = Debug;
		};
		508483CE2213A94700329E8C /* Release */ = {
			isa = XCBuildConfiguration;
			buildSettings = {
				ALWAYS_SEARCH_USER_PATHS = NO;
				CLANG_ANALYZER_NONNULL = YES;
				CLANG_ANALYZER_NUMBER_OBJECT_CONVERSION = YES_AGGRESSIVE;
				CLANG_CXX_LANGUAGE_STANDARD = "gnu++14";
				CLANG_CXX_LIBRARY = "libc++";
				CLANG_ENABLE_MODULES = YES;
				CLANG_ENABLE_OBJC_ARC = YES;
				CLANG_ENABLE_OBJC_WEAK = YES;
				CLANG_WARN_BLOCK_CAPTURE_AUTORELEASING = YES;
				CLANG_WARN_BOOL_CONVERSION = YES;
				CLANG_WARN_COMMA = YES;
				CLANG_WARN_CONSTANT_CONVERSION = YES;
				CLANG_WARN_DEPRECATED_OBJC_IMPLEMENTATIONS = YES;
				CLANG_WARN_DIRECT_OBJC_ISA_USAGE = YES_ERROR;
				CLANG_WARN_DOCUMENTATION_COMMENTS = YES;
				CLANG_WARN_EMPTY_BODY = YES;
				CLANG_WARN_ENUM_CONVERSION = YES;
				CLANG_WARN_INFINITE_RECURSION = YES;
				CLANG_WARN_INT_CONVERSION = YES;
				CLANG_WARN_NON_LITERAL_NULL_CONVERSION = YES;
				CLANG_WARN_OBJC_IMPLICIT_RETAIN_SELF = YES;
				CLANG_WARN_OBJC_LITERAL_CONVERSION = YES;
				CLANG_WARN_OBJC_ROOT_CLASS = YES_ERROR;
				CLANG_WARN_RANGE_LOOP_ANALYSIS = YES;
				CLANG_WARN_STRICT_PROTOTYPES = YES;
				CLANG_WARN_SUSPICIOUS_MOVE = YES;
				CLANG_WARN_UNGUARDED_AVAILABILITY = YES_AGGRESSIVE;
				CLANG_WARN_UNREACHABLE_CODE = YES;
				CLANG_WARN__DUPLICATE_METHOD_MATCH = YES;
				CODE_SIGN_IDENTITY = "iPhone Developer";
				COPY_PHASE_STRIP = NO;
				CURRENT_PROJECT_VERSION = 1;
				DEBUG_INFORMATION_FORMAT = "dwarf-with-dsym";
				ENABLE_NS_ASSERTIONS = NO;
				ENABLE_STRICT_OBJC_MSGSEND = YES;
				GCC_C_LANGUAGE_STANDARD = gnu11;
				GCC_NO_COMMON_BLOCKS = YES;
				GCC_WARN_64_TO_32_BIT_CONVERSION = YES;
				GCC_WARN_ABOUT_RETURN_TYPE = YES_ERROR;
				GCC_WARN_UNDECLARED_SELECTOR = YES;
				GCC_WARN_UNINITIALIZED_AUTOS = YES_AGGRESSIVE;
				GCC_WARN_UNUSED_FUNCTION = YES;
				GCC_WARN_UNUSED_VARIABLE = YES;
				IPHONEOS_DEPLOYMENT_TARGET = 10.0;
				MTL_ENABLE_DEBUG_INFO = NO;
				MTL_FAST_MATH = YES;
				SDKROOT = iphoneos;
				SWIFT_COMPILATION_MODE = wholemodule;
				SWIFT_OPTIMIZATION_LEVEL = "-O";
				VALIDATE_PRODUCT = YES;
				VERSIONING_SYSTEM = "apple-generic";
				VERSION_INFO_PREFIX = "";
			};
			name = Release;
		};
		508483D02213A94700329E8C /* Debug */ = {
			isa = XCBuildConfiguration;
			buildSettings = {
				CLANG_ENABLE_MODULES = YES;
				CODE_SIGN_IDENTITY = "";
				CODE_SIGN_STYLE = Automatic;
				DEFINES_MODULE = YES;
				DYLIB_COMPATIBILITY_VERSION = 1;
				DYLIB_CURRENT_VERSION = 1;
				DYLIB_INSTALL_NAME_BASE = "@rpath";
				FRAMEWORK_SEARCH_PATHS = (
					"$(inherited)",
					"$(PROJECT_DIR)/Carthage/Build/iOS",
				);
				INFOPLIST_FILE = Otter/Info.plist;
				INSTALL_PATH = "$(LOCAL_LIBRARY_DIR)/Frameworks";
				LD_RUNPATH_SEARCH_PATHS = (
					"$(inherited)",
					"@executable_path/Frameworks",
					"@loader_path/Frameworks",
				);
				PRODUCT_BUNDLE_IDENTIFIER = "me.matsuri-hi.Otter";
				PRODUCT_NAME = "$(TARGET_NAME:c99extidentifier)";
				SKIP_INSTALL = YES;
				SWIFT_OPTIMIZATION_LEVEL = "-Onone";
				SWIFT_VERSION = 4.2;
				TARGETED_DEVICE_FAMILY = "1,2";
			};
			name = Debug;
		};
		508483D12213A94700329E8C /* Release */ = {
			isa = XCBuildConfiguration;
			buildSettings = {
				CLANG_ENABLE_MODULES = YES;
				CODE_SIGN_IDENTITY = "";
				CODE_SIGN_STYLE = Automatic;
				DEFINES_MODULE = YES;
				DYLIB_COMPATIBILITY_VERSION = 1;
				DYLIB_CURRENT_VERSION = 1;
				DYLIB_INSTALL_NAME_BASE = "@rpath";
				FRAMEWORK_SEARCH_PATHS = (
					"$(inherited)",
					"$(PROJECT_DIR)/Carthage/Build/iOS",
				);
				INFOPLIST_FILE = Otter/Info.plist;
				INSTALL_PATH = "$(LOCAL_LIBRARY_DIR)/Frameworks";
				LD_RUNPATH_SEARCH_PATHS = (
					"$(inherited)",
					"@executable_path/Frameworks",
					"@loader_path/Frameworks",
				);
				PRODUCT_BUNDLE_IDENTIFIER = "me.matsuri-hi.Otter";
				PRODUCT_NAME = "$(TARGET_NAME:c99extidentifier)";
				SKIP_INSTALL = YES;
				SWIFT_VERSION = 4.2;
				TARGETED_DEVICE_FAMILY = "1,2";
			};
			name = Release;
		};
		508483D32213A94700329E8C /* Debug */ = {
			isa = XCBuildConfiguration;
			buildSettings = {
				ALWAYS_EMBED_SWIFT_STANDARD_LIBRARIES = YES;
				CODE_SIGN_STYLE = Automatic;
				FRAMEWORK_SEARCH_PATHS = (
					"$(inherited)",
					"$(PROJECT_DIR)/Carthage/Build/iOS",
				);
				INFOPLIST_FILE = OtterTests/Info.plist;
				LD_RUNPATH_SEARCH_PATHS = (
					"$(inherited)",
					"@executable_path/Frameworks",
					"@loader_path/Frameworks",
				);
				PRODUCT_BUNDLE_IDENTIFIER = "me.matsuri-hi.OtterTests";
				PRODUCT_NAME = "$(TARGET_NAME)";
				SWIFT_VERSION = 4.2;
				TARGETED_DEVICE_FAMILY = "1,2";
			};
			name = Debug;
		};
		508483D42213A94700329E8C /* Release */ = {
			isa = XCBuildConfiguration;
			buildSettings = {
				ALWAYS_EMBED_SWIFT_STANDARD_LIBRARIES = YES;
				CODE_SIGN_STYLE = Automatic;
				FRAMEWORK_SEARCH_PATHS = (
					"$(inherited)",
					"$(PROJECT_DIR)/Carthage/Build/iOS",
				);
				INFOPLIST_FILE = OtterTests/Info.plist;
				LD_RUNPATH_SEARCH_PATHS = (
					"$(inherited)",
					"@executable_path/Frameworks",
					"@loader_path/Frameworks",
				);
				PRODUCT_BUNDLE_IDENTIFIER = "me.matsuri-hi.OtterTests";
				PRODUCT_NAME = "$(TARGET_NAME)";
				SWIFT_VERSION = 4.2;
				TARGETED_DEVICE_FAMILY = "1,2";
			};
			name = Release;
		};
/* End XCBuildConfiguration section */

/* Begin XCConfigurationList section */
		508483B52213A94700329E8C /* Build configuration list for PBXProject "Otter" */ = {
			isa = XCConfigurationList;
			buildConfigurations = (
				508483CD2213A94700329E8C /* Debug */,
				508483CE2213A94700329E8C /* Release */,
			);
			defaultConfigurationIsVisible = 0;
			defaultConfigurationName = Release;
		};
		508483CF2213A94700329E8C /* Build configuration list for PBXNativeTarget "Otter" */ = {
			isa = XCConfigurationList;
			buildConfigurations = (
				508483D02213A94700329E8C /* Debug */,
				508483D12213A94700329E8C /* Release */,
			);
			defaultConfigurationIsVisible = 0;
			defaultConfigurationName = Release;
		};
		508483D22213A94700329E8C /* Build configuration list for PBXNativeTarget "OtterTests" */ = {
			isa = XCConfigurationList;
			buildConfigurations = (
				508483D32213A94700329E8C /* Debug */,
				508483D42213A94700329E8C /* Release */,
			);
			defaultConfigurationIsVisible = 0;
			defaultConfigurationName = Release;
		};
/* End XCConfigurationList section */
	};
	rootObject = 508483B22213A94700329E8C /* Project object */;
}
